PODS:
  - PinLayout (1.9.3)
  - Realm (10.1.4):
    - Realm/Headers (= 10.1.4)
  - Realm/Headers (10.1.4)
  - RealmSwift (10.1.4):
    - Realm (= 10.1.4)

DEPENDENCIES:
  - PinLayout
  - RealmSwift

SPEC REPOS:
  trunk:
    - PinLayout
    - Realm
    - RealmSwift

SPEC CHECKSUMS:
  PinLayout: 4d8733121f8687edcc8f00c19bf1379d12808767
  Realm: 80f4fb2971ccb9adc27a47d0955ae8e533a7030b
  RealmSwift: 0e566ca714edb377bba8ea0811eafcea0b93734e

PODFILE CHECKSUM: fcd3fb378648366f92828cc181f28936092b27a4

COCOAPODS: 1.10.1
