// !$*UTF8*$!
{
	archiveVersion = 1;
	classes = {
	};
	objectVersion = 51;
	objects = {

/* Begin PBXBuildFile section */
		15CF8468264891EE00F2B73E /* AppCoordinator.swift in Sources */ = {isa = PBXBuildFile; fileRef = 15CF8424264891EE00F2B73E /* AppCoordinator.swift */; };
		15CF8469264891EE00F2B73E /* MainFlowCoordinator.swift in Sources */ = {isa = PBXBuildFile; fileRef = 15CF8425264891EE00F2B73E /* MainFlowCoordinator.swift */; };
		15CF846A264891EE00F2B73E /* AccountFlowCoordinator.swift in Sources */ = {isa = PBXBuildFile; fileRef = 15CF8426264891EE00F2B73E /* AccountFlowCoordinator.swift */; };
		15CF846B264891EE00F2B73E /* GroupsFlowCoordinator.swift in Sources */ = {isa = PBXBuildFile; fileRef = 15CF8427264891EE00F2B73E /* GroupsFlowCoordinator.swift */; };
		15CF846C264891EE00F2B73E /* Assets.xcassets in Resources */ = {isa = PBXBuildFile; fileRef = 15CF8428264891EE00F2B73E /* Assets.xcassets */; };
		15CF846D264891EE00F2B73E /* TaskPresenter.swift in Sources */ = {isa = PBXBuildFile; fileRef = 15CF842B264891EE00F2B73E /* TaskPresenter.swift */; };
		15CF846E264891EE00F2B73E /* GroupsPresenter.swift in Sources */ = {isa = PBXBuildFile; fileRef = 15CF842C264891EE00F2B73E /* GroupsPresenter.swift */; };
		15CF846F264891EE00F2B73E /* GroupSettingsPresenter.swift in Sources */ = {isa = PBXBuildFile; fileRef = 15CF842D264891EE00F2B73E /* GroupSettingsPresenter.swift */; };
		15CF8470264891EE00F2B73E /* GroupPresenter.swift in Sources */ = {isa = PBXBuildFile; fileRef = 15CF842E264891EE00F2B73E /* GroupPresenter.swift */; };
		15CF8472264891EE00F2B73E /* Group.swift in Sources */ = {isa = PBXBuildFile; fileRef = 15CF8431264891EE00F2B73E /* Group.swift */; };
		15CF8473264891EE00F2B73E /* GroupsManager.swift in Sources */ = {isa = PBXBuildFile; fileRef = 15CF8432264891EE00F2B73E /* GroupsManager.swift */; };
		15CF8474264891EE00F2B73E /* GroupController.swift in Sources */ = {isa = PBXBuildFile; fileRef = 15CF8434264891EE00F2B73E /* GroupController.swift */; };
		15CF8475264891EE00F2B73E /* GroupSettingsController.swift in Sources */ = {isa = PBXBuildFile; fileRef = 15CF8435264891EE00F2B73E /* GroupSettingsController.swift */; };
		15CF8476264891EE00F2B73E /* GroupsController.swift in Sources */ = {isa = PBXBuildFile; fileRef = 15CF8436264891EE00F2B73E /* GroupsController.swift */; };
		15CF8478264891EE00F2B73E /* TaskController.swift in Sources */ = {isa = PBXBuildFile; fileRef = 15CF8438264891EE00F2B73E /* TaskController.swift */; };
		15CF8479264891EE00F2B73E /* SectionHeaderView.swift in Sources */ = {isa = PBXBuildFile; fileRef = 15CF843A264891EE00F2B73E /* SectionHeaderView.swift */; };
		15CF847A264891EE00F2B73E /* GroupTableViewCell.swift in Sources */ = {isa = PBXBuildFile; fileRef = 15CF843B264891EE00F2B73E /* GroupTableViewCell.swift */; };
		15CF847B264891EE00F2B73E /* CustomTextField.swift in Sources */ = {isa = PBXBuildFile; fileRef = 15CF843C264891EE00F2B73E /* CustomTextField.swift */; };
		15CF847D264891EE00F2B73E /* TaskTableViewCell.swift in Sources */ = {isa = PBXBuildFile; fileRef = 15CF843E264891EE00F2B73E /* TaskTableViewCell.swift */; };
		15CF847F264891EE00F2B73E /* LaunchScreen.storyboard in Resources */ = {isa = PBXBuildFile; fileRef = 15CF8440264891EE00F2B73E /* LaunchScreen.storyboard */; };
		15CF8482264891EE00F2B73E /* UIView + extension.swift in Sources */ = {isa = PBXBuildFile; fileRef = 15CF8446264891EE00F2B73E /* UIView + extension.swift */; };
		15CF8485264891EE00F2B73E /* UIViewController+extension.swift in Sources */ = {isa = PBXBuildFile; fileRef = 15CF8449264891EE00F2B73E /* UIViewController+extension.swift */; };
		15CF8486264891EE00F2B73E /* UINavigationController + extension.swift in Sources */ = {isa = PBXBuildFile; fileRef = 15CF844A264891EE00F2B73E /* UINavigationController + extension.swift */; };
		15CF8487264891EE00F2B73E /* UIColor + extensions.swift in Sources */ = {isa = PBXBuildFile; fileRef = 15CF844B264891EE00F2B73E /* UIColor + extensions.swift */; };
		15CF8489264891EE00F2B73E /* UIStackView + extensions.swift in Sources */ = {isa = PBXBuildFile; fileRef = 15CF844D264891EE00F2B73E /* UIStackView + extensions.swift */; };
		15CF848A264891EE00F2B73E /* AppDelegate.swift in Sources */ = {isa = PBXBuildFile; fileRef = 15CF844E264891EE00F2B73E /* AppDelegate.swift */; };
		15CF848B264891EE00F2B73E /* AccountPresenter.swift in Sources */ = {isa = PBXBuildFile; fileRef = 15CF8451264891EE00F2B73E /* AccountPresenter.swift */; };
		15CF848D264891EE00F2B73E /* AccountViewController.swift in Sources */ = {isa = PBXBuildFile; fileRef = 15CF8454264891EE00F2B73E /* AccountViewController.swift */; };
		15CF8490264891EE00F2B73E /* AccountUIComponents.swift in Sources */ = {isa = PBXBuildFile; fileRef = 15CF8459264891EE00F2B73E /* AccountUIComponents.swift */; };
		15CF8491264891EE00F2B73E /* FriendTableViewCell.swift in Sources */ = {isa = PBXBuildFile; fileRef = 15CF845A264891EE00F2B73E /* FriendTableViewCell.swift */; };
		15CF8492264891EE00F2B73E /* SearchTextField.swift in Sources */ = {isa = PBXBuildFile; fileRef = 15CF845B264891EE00F2B73E /* SearchTextField.swift */; };
		15CF8493264891EE00F2B73E /* AddFriendView.swift in Sources */ = {isa = PBXBuildFile; fileRef = 15CF845C264891EE00F2B73E /* AddFriendView.swift */; };
		15CF8494264891EE00F2B73E /* FriendsTableView.swift in Sources */ = {isa = PBXBuildFile; fileRef = 15CF845D264891EE00F2B73E /* FriendsTableView.swift */; };
		15CF8496264891EE00F2B73E /* CustomTabBar.swift in Sources */ = {isa = PBXBuildFile; fileRef = 15CF8461264891EE00F2B73E /* CustomTabBar.swift */; };
		15CF8497264891EE00F2B73E /* CustomTabBarController.swift in Sources */ = {isa = PBXBuildFile; fileRef = 15CF8462264891EE00F2B73E /* CustomTabBarController.swift */; };
		15CF8499264891EE00F2B73E /* AlertControllerCreator.swift in Sources */ = {isa = PBXBuildFile; fileRef = 15CF8465264891EE00F2B73E /* AlertControllerCreator.swift */; };
		4317444826500EAD00D7CC8E /* GoogleService-Info.plist in Resources */ = {isa = PBXBuildFile; fileRef = 4317444726500EAD00D7CC8E /* GoogleService-Info.plist */; };
		4317444C265010C100D7CC8E /* AuthManager.swift in Sources */ = {isa = PBXBuildFile; fileRef = 4317444B265010C100D7CC8E /* AuthManager.swift */; };
		431744502650110200D7CC8E /* LoginController.swift in Sources */ = {isa = PBXBuildFile; fileRef = 4317444F2650110200D7CC8E /* LoginController.swift */; };
		431744532650110D00D7CC8E /* AuthController.swift in Sources */ = {isa = PBXBuildFile; fileRef = 431744522650110D00D7CC8E /* AuthController.swift */; };
		431744572650118D00D7CC8E /* LoginPresenter.swift in Sources */ = {isa = PBXBuildFile; fileRef = 431744562650118D00D7CC8E /* LoginPresenter.swift */; };
		4317445A265011A100D7CC8E /* AuthPresenter.swift in Sources */ = {isa = PBXBuildFile; fileRef = 43174459265011A100D7CC8E /* AuthPresenter.swift */; };
		4317445D265011D800D7CC8E /* ImagesManager.swift in Sources */ = {isa = PBXBuildFile; fileRef = 4317445C265011D800D7CC8E /* ImagesManager.swift */; };
		43174461265011FC00D7CC8E /* CustomError.swift in Sources */ = {isa = PBXBuildFile; fileRef = 43174460265011FC00D7CC8E /* CustomError.swift */; };
		43174465265014E600D7CC8E /* CustomButton.swift in Sources */ = {isa = PBXBuildFile; fileRef = 43174464265014E600D7CC8E /* CustomButton.swift */; };
		43174468265014F600D7CC8E /* CustomImageView.swift in Sources */ = {isa = PBXBuildFile; fileRef = 43174467265014F600D7CC8E /* CustomImageView.swift */; };
		431744702650176400D7CC8E /* AddGroupPresenter.swift in Sources */ = {isa = PBXBuildFile; fileRef = 4317446F2650176400D7CC8E /* AddGroupPresenter.swift */; };
		431744732650177800D7CC8E /* AddUserToGroupPresenter.swift in Sources */ = {isa = PBXBuildFile; fileRef = 431744722650177800D7CC8E /* AddUserToGroupPresenter.swift */; };
		43174477265017EB00D7CC8E /* AddGroupController.swift in Sources */ = {isa = PBXBuildFile; fileRef = 43174476265017EB00D7CC8E /* AddGroupController.swift */; };
		4317447A265017FF00D7CC8E /* AddUserToGroupController.swift in Sources */ = {isa = PBXBuildFile; fileRef = 43174479265017FF00D7CC8E /* AddUserToGroupController.swift */; };
		4317447D2650185A00D7CC8E /* Date + extension.swift in Sources */ = {isa = PBXBuildFile; fileRef = 4317447C2650185A00D7CC8E /* Date + extension.swift */; };
		431744802650190300D7CC8E /* ImagePicker.swift in Sources */ = {isa = PBXBuildFile; fileRef = 4317447F2650190300D7CC8E /* ImagePicker.swift */; };
		434CF26B2650F5C10095299E /* Converter.swift in Sources */ = {isa = PBXBuildFile; fileRef = 434CF26A2650F5C10095299E /* Converter.swift */; };
		434CF26E2650F68B0095299E /* FirestoreKeys.swift in Sources */ = {isa = PBXBuildFile; fileRef = 434CF26D2650F68B0095299E /* FirestoreKeys.swift */; };
		43EB69D726663BF3006E09B2 /* MainViewController.swift in Sources */ = {isa = PBXBuildFile; fileRef = 43EB69D626663BF3006E09B2 /* MainViewController.swift */; };
		43EB69DB26663C28006E09B2 /* OfflineTaskController.swift in Sources */ = {isa = PBXBuildFile; fileRef = 43EB69DA26663C28006E09B2 /* OfflineTaskController.swift */; };
		43EB69DE26663C7A006E09B2 /* MainFrameRealm.swift in Sources */ = {isa = PBXBuildFile; fileRef = 43EB69DD26663C7A006E09B2 /* MainFrameRealm.swift */; };
		43EB69E126663D62006E09B2 /* MainPresenter.swift in Sources */ = {isa = PBXBuildFile; fileRef = 43EB69E026663D62006E09B2 /* MainPresenter.swift */; };
		43EB69E426663D84006E09B2 /* OfflineTaskPresenter.swift in Sources */ = {isa = PBXBuildFile; fileRef = 43EB69E326663D84006E09B2 /* OfflineTaskPresenter.swift */; };
		43EB69EA26663E04006E09B2 /* GradientProgressView.swift in Sources */ = {isa = PBXBuildFile; fileRef = 43EB69E926663E04006E09B2 /* GradientProgressView.swift */; };
		43EB69ED26663E1D006E09B2 /* MainOfflineHeaderView.swift in Sources */ = {isa = PBXBuildFile; fileRef = 43EB69EC26663E1D006E09B2 /* MainOfflineHeaderView.swift */; };
		43EB69F026663E3B006E09B2 /* MainProgressTableHeaderView.swift in Sources */ = {isa = PBXBuildFile; fileRef = 43EB69EF26663E3A006E09B2 /* MainProgressTableHeaderView.swift */; };
		43EB69F326663E56006E09B2 /* MainTableView.swift in Sources */ = {isa = PBXBuildFile; fileRef = 43EB69F226663E56006E09B2 /* MainTableView.swift */; };
		43EB69F626663E73006E09B2 /* OfflineTaskTableViewCell.swift in Sources */ = {isa = PBXBuildFile; fileRef = 43EB69F526663E73006E09B2 /* OfflineTaskTableViewCell.swift */; };
		43EB69FD266640A2006E09B2 /* UIImage + extension.swift in Sources */ = {isa = PBXBuildFile; fileRef = 43EB69FC266640A2006E09B2 /* UIImage + extension.swift */; };
		F325B009327B2D27F66B19E0 /* Pods_ToDoIn.framework in Frameworks */ = {isa = PBXBuildFile; fileRef = 79A3C4BC3B8B7CDE7E930FE1 /* Pods_ToDoIn.framework */; };
/* End PBXBuildFile section */

/* Begin PBXFileReference section */
		154ED85C26153CBB0044531E /* FriendModel.swift */ = {isa = PBXFileReference; lastKnownFileType = sourcecode.swift; path = FriendModel.swift; sourceTree = "<group>"; };
		15CF8424264891EE00F2B73E /* AppCoordinator.swift */ = {isa = PBXFileReference; fileEncoding = 4; lastKnownFileType = sourcecode.swift; path = AppCoordinator.swift; sourceTree = "<group>"; };
		15CF8425264891EE00F2B73E /* MainFlowCoordinator.swift */ = {isa = PBXFileReference; fileEncoding = 4; lastKnownFileType = sourcecode.swift; path = MainFlowCoordinator.swift; sourceTree = "<group>"; };
		15CF8426264891EE00F2B73E /* AccountFlowCoordinator.swift */ = {isa = PBXFileReference; fileEncoding = 4; lastKnownFileType = sourcecode.swift; path = AccountFlowCoordinator.swift; sourceTree = "<group>"; };
		15CF8427264891EE00F2B73E /* GroupsFlowCoordinator.swift */ = {isa = PBXFileReference; fileEncoding = 4; lastKnownFileType = sourcecode.swift; path = GroupsFlowCoordinator.swift; sourceTree = "<group>"; };
		15CF8428264891EE00F2B73E /* Assets.xcassets */ = {isa = PBXFileReference; lastKnownFileType = folder.assetcatalog; path = Assets.xcassets; sourceTree = "<group>"; };
		15CF842B264891EE00F2B73E /* TaskPresenter.swift */ = {isa = PBXFileReference; fileEncoding = 4; lastKnownFileType = sourcecode.swift; path = TaskPresenter.swift; sourceTree = "<group>"; };
		15CF842C264891EE00F2B73E /* GroupsPresenter.swift */ = {isa = PBXFileReference; fileEncoding = 4; lastKnownFileType = sourcecode.swift; path = GroupsPresenter.swift; sourceTree = "<group>"; };
		15CF842D264891EE00F2B73E /* GroupSettingsPresenter.swift */ = {isa = PBXFileReference; fileEncoding = 4; lastKnownFileType = sourcecode.swift; path = GroupSettingsPresenter.swift; sourceTree = "<group>"; };
		15CF842E264891EE00F2B73E /* GroupPresenter.swift */ = {isa = PBXFileReference; fileEncoding = 4; lastKnownFileType = sourcecode.swift; path = GroupPresenter.swift; sourceTree = "<group>"; };
		15CF8431264891EE00F2B73E /* Group.swift */ = {isa = PBXFileReference; fileEncoding = 4; lastKnownFileType = sourcecode.swift; path = Group.swift; sourceTree = "<group>"; };
		15CF8432264891EE00F2B73E /* GroupsManager.swift */ = {isa = PBXFileReference; fileEncoding = 4; lastKnownFileType = sourcecode.swift; path = GroupsManager.swift; sourceTree = "<group>"; };
		15CF8434264891EE00F2B73E /* GroupController.swift */ = {isa = PBXFileReference; fileEncoding = 4; lastKnownFileType = sourcecode.swift; path = GroupController.swift; sourceTree = "<group>"; };
		15CF8435264891EE00F2B73E /* GroupSettingsController.swift */ = {isa = PBXFileReference; fileEncoding = 4; lastKnownFileType = sourcecode.swift; path = GroupSettingsController.swift; sourceTree = "<group>"; };
		15CF8436264891EE00F2B73E /* GroupsController.swift */ = {isa = PBXFileReference; fileEncoding = 4; lastKnownFileType = sourcecode.swift; path = GroupsController.swift; sourceTree = "<group>"; };
		15CF8438264891EE00F2B73E /* TaskController.swift */ = {isa = PBXFileReference; fileEncoding = 4; lastKnownFileType = sourcecode.swift; path = TaskController.swift; sourceTree = "<group>"; };
		15CF843A264891EE00F2B73E /* SectionHeaderView.swift */ = {isa = PBXFileReference; fileEncoding = 4; lastKnownFileType = sourcecode.swift; path = SectionHeaderView.swift; sourceTree = "<group>"; };
		15CF843B264891EE00F2B73E /* GroupTableViewCell.swift */ = {isa = PBXFileReference; fileEncoding = 4; lastKnownFileType = sourcecode.swift; path = GroupTableViewCell.swift; sourceTree = "<group>"; };
		15CF843C264891EE00F2B73E /* CustomTextField.swift */ = {isa = PBXFileReference; fileEncoding = 4; lastKnownFileType = sourcecode.swift; path = CustomTextField.swift; sourceTree = "<group>"; };
		15CF843E264891EE00F2B73E /* TaskTableViewCell.swift */ = {isa = PBXFileReference; fileEncoding = 4; lastKnownFileType = sourcecode.swift; path = TaskTableViewCell.swift; sourceTree = "<group>"; };
		15CF8441264891EE00F2B73E /* Base */ = {isa = PBXFileReference; lastKnownFileType = file.storyboard; name = Base; path = Base.lproj/LaunchScreen.storyboard; sourceTree = "<group>"; };
		15CF8446264891EE00F2B73E /* UIView + extension.swift */ = {isa = PBXFileReference; fileEncoding = 4; lastKnownFileType = sourcecode.swift; path = "UIView + extension.swift"; sourceTree = "<group>"; };
		15CF8449264891EE00F2B73E /* UIViewController+extension.swift */ = {isa = PBXFileReference; fileEncoding = 4; lastKnownFileType = sourcecode.swift; path = "UIViewController+extension.swift"; sourceTree = "<group>"; };
		15CF844A264891EE00F2B73E /* UINavigationController + extension.swift */ = {isa = PBXFileReference; fileEncoding = 4; lastKnownFileType = sourcecode.swift; path = "UINavigationController + extension.swift"; sourceTree = "<group>"; };
		15CF844B264891EE00F2B73E /* UIColor + extensions.swift */ = {isa = PBXFileReference; fileEncoding = 4; lastKnownFileType = sourcecode.swift; path = "UIColor + extensions.swift"; sourceTree = "<group>"; };
		15CF844D264891EE00F2B73E /* UIStackView + extensions.swift */ = {isa = PBXFileReference; fileEncoding = 4; lastKnownFileType = sourcecode.swift; path = "UIStackView + extensions.swift"; sourceTree = "<group>"; };
		15CF844E264891EE00F2B73E /* AppDelegate.swift */ = {isa = PBXFileReference; fileEncoding = 4; lastKnownFileType = sourcecode.swift; path = AppDelegate.swift; sourceTree = "<group>"; };
		15CF8451264891EE00F2B73E /* AccountPresenter.swift */ = {isa = PBXFileReference; fileEncoding = 4; lastKnownFileType = sourcecode.swift; path = AccountPresenter.swift; sourceTree = "<group>"; };
		15CF8454264891EE00F2B73E /* AccountViewController.swift */ = {isa = PBXFileReference; fileEncoding = 4; lastKnownFileType = sourcecode.swift; path = AccountViewController.swift; sourceTree = "<group>"; };
		15CF8459264891EE00F2B73E /* AccountUIComponents.swift */ = {isa = PBXFileReference; fileEncoding = 4; lastKnownFileType = sourcecode.swift; path = AccountUIComponents.swift; sourceTree = "<group>"; };
		15CF845A264891EE00F2B73E /* FriendTableViewCell.swift */ = {isa = PBXFileReference; fileEncoding = 4; lastKnownFileType = sourcecode.swift; path = FriendTableViewCell.swift; sourceTree = "<group>"; };
		15CF845B264891EE00F2B73E /* SearchTextField.swift */ = {isa = PBXFileReference; fileEncoding = 4; lastKnownFileType = sourcecode.swift; path = SearchTextField.swift; sourceTree = "<group>"; };
		15CF845C264891EE00F2B73E /* AddFriendView.swift */ = {isa = PBXFileReference; fileEncoding = 4; lastKnownFileType = sourcecode.swift; path = AddFriendView.swift; sourceTree = "<group>"; };
		15CF845D264891EE00F2B73E /* FriendsTableView.swift */ = {isa = PBXFileReference; fileEncoding = 4; lastKnownFileType = sourcecode.swift; path = FriendsTableView.swift; sourceTree = "<group>"; };
		15CF8461264891EE00F2B73E /* CustomTabBar.swift */ = {isa = PBXFileReference; fileEncoding = 4; lastKnownFileType = sourcecode.swift; path = CustomTabBar.swift; sourceTree = "<group>"; };
		15CF8462264891EE00F2B73E /* CustomTabBarController.swift */ = {isa = PBXFileReference; fileEncoding = 4; lastKnownFileType = sourcecode.swift; path = CustomTabBarController.swift; sourceTree = "<group>"; };
		15CF8463264891EE00F2B73E /* Info.plist */ = {isa = PBXFileReference; fileEncoding = 4; lastKnownFileType = text.plist.xml; path = Info.plist; sourceTree = "<group>"; };
		15CF8465264891EE00F2B73E /* AlertControllerCreator.swift */ = {isa = PBXFileReference; fileEncoding = 4; lastKnownFileType = sourcecode.swift; path = AlertControllerCreator.swift; sourceTree = "<group>"; };
		15FCA73C2641688B009F235F /* UINavigationController + extension.swift */ = {isa = PBXFileReference; lastKnownFileType = sourcecode.swift; path = "UINavigationController + extension.swift"; sourceTree = "<group>"; };
		16553D4685F1BAD0F87C2FF9 /* Pods-ToDoIn.release.xcconfig */ = {isa = PBXFileReference; includeInIndex = 1; lastKnownFileType = text.xcconfig; name = "Pods-ToDoIn.release.xcconfig"; path = "Target Support Files/Pods-ToDoIn/Pods-ToDoIn.release.xcconfig"; sourceTree = "<group>"; };
		4313B438260BBFA500E6381A /* ToDoIn.app */ = {isa = PBXFileReference; explicitFileType = wrapper.application; includeInIndex = 0; path = ToDoIn.app; sourceTree = BUILT_PRODUCTS_DIR; };
		4317444726500EAD00D7CC8E /* GoogleService-Info.plist */ = {isa = PBXFileReference; fileEncoding = 4; lastKnownFileType = text.plist.xml; path = "GoogleService-Info.plist"; sourceTree = "<group>"; };
		4317444B265010C100D7CC8E /* AuthManager.swift */ = {isa = PBXFileReference; lastKnownFileType = sourcecode.swift; path = AuthManager.swift; sourceTree = "<group>"; };
		4317444F2650110200D7CC8E /* LoginController.swift */ = {isa = PBXFileReference; lastKnownFileType = sourcecode.swift; path = LoginController.swift; sourceTree = "<group>"; };
		431744522650110D00D7CC8E /* AuthController.swift */ = {isa = PBXFileReference; lastKnownFileType = sourcecode.swift; path = AuthController.swift; sourceTree = "<group>"; };
		431744562650118D00D7CC8E /* LoginPresenter.swift */ = {isa = PBXFileReference; lastKnownFileType = sourcecode.swift; path = LoginPresenter.swift; sourceTree = "<group>"; };
		43174459265011A100D7CC8E /* AuthPresenter.swift */ = {isa = PBXFileReference; lastKnownFileType = sourcecode.swift; path = AuthPresenter.swift; sourceTree = "<group>"; };
		4317445C265011D800D7CC8E /* ImagesManager.swift */ = {isa = PBXFileReference; lastKnownFileType = sourcecode.swift; path = ImagesManager.swift; sourceTree = "<group>"; };
		43174460265011FC00D7CC8E /* CustomError.swift */ = {isa = PBXFileReference; lastKnownFileType = sourcecode.swift; path = CustomError.swift; sourceTree = "<group>"; };
		43174464265014E600D7CC8E /* CustomButton.swift */ = {isa = PBXFileReference; lastKnownFileType = sourcecode.swift; path = CustomButton.swift; sourceTree = "<group>"; };
		43174467265014F600D7CC8E /* CustomImageView.swift */ = {isa = PBXFileReference; lastKnownFileType = sourcecode.swift; path = CustomImageView.swift; sourceTree = "<group>"; };
		4317446F2650176400D7CC8E /* AddGroupPresenter.swift */ = {isa = PBXFileReference; lastKnownFileType = sourcecode.swift; path = AddGroupPresenter.swift; sourceTree = "<group>"; };
		431744722650177800D7CC8E /* AddUserToGroupPresenter.swift */ = {isa = PBXFileReference; lastKnownFileType = sourcecode.swift; path = AddUserToGroupPresenter.swift; sourceTree = "<group>"; };
		43174476265017EB00D7CC8E /* AddGroupController.swift */ = {isa = PBXFileReference; lastKnownFileType = sourcecode.swift; path = AddGroupController.swift; sourceTree = "<group>"; };
		43174479265017FF00D7CC8E /* AddUserToGroupController.swift */ = {isa = PBXFileReference; lastKnownFileType = sourcecode.swift; path = AddUserToGroupController.swift; sourceTree = "<group>"; };
		4317447C2650185A00D7CC8E /* Date + extension.swift */ = {isa = PBXFileReference; lastKnownFileType = sourcecode.swift; path = "Date + extension.swift"; sourceTree = "<group>"; };
		4317447F2650190300D7CC8E /* ImagePicker.swift */ = {isa = PBXFileReference; lastKnownFileType = sourcecode.swift; path = ImagePicker.swift; sourceTree = "<group>"; };
		434CF26A2650F5C10095299E /* Converter.swift */ = {isa = PBXFileReference; lastKnownFileType = sourcecode.swift; path = Converter.swift; sourceTree = "<group>"; };
		434CF26D2650F68B0095299E /* FirestoreKeys.swift */ = {isa = PBXFileReference; lastKnownFileType = sourcecode.swift; path = FirestoreKeys.swift; sourceTree = "<group>"; };
		43EB69D626663BF3006E09B2 /* MainViewController.swift */ = {isa = PBXFileReference; lastKnownFileType = sourcecode.swift; path = MainViewController.swift; sourceTree = "<group>"; };
		43EB69DA26663C28006E09B2 /* OfflineTaskController.swift */ = {isa = PBXFileReference; lastKnownFileType = sourcecode.swift; path = OfflineTaskController.swift; sourceTree = "<group>"; };
		43EB69DD26663C7A006E09B2 /* MainFrameRealm.swift */ = {isa = PBXFileReference; lastKnownFileType = sourcecode.swift; path = MainFrameRealm.swift; sourceTree = "<group>"; };
		43EB69E026663D62006E09B2 /* MainPresenter.swift */ = {isa = PBXFileReference; lastKnownFileType = sourcecode.swift; path = MainPresenter.swift; sourceTree = "<group>"; };
		43EB69E326663D84006E09B2 /* OfflineTaskPresenter.swift */ = {isa = PBXFileReference; lastKnownFileType = sourcecode.swift; path = OfflineTaskPresenter.swift; sourceTree = "<group>"; };
		43EB69E926663E04006E09B2 /* GradientProgressView.swift */ = {isa = PBXFileReference; lastKnownFileType = sourcecode.swift; path = GradientProgressView.swift; sourceTree = "<group>"; };
		43EB69EC26663E1D006E09B2 /* MainOfflineHeaderView.swift */ = {isa = PBXFileReference; lastKnownFileType = sourcecode.swift; path = MainOfflineHeaderView.swift; sourceTree = "<group>"; };
		43EB69EF26663E3A006E09B2 /* MainProgressTableHeaderView.swift */ = {isa = PBXFileReference; lastKnownFileType = sourcecode.swift; path = MainProgressTableHeaderView.swift; sourceTree = "<group>"; };
		43EB69F226663E56006E09B2 /* MainTableView.swift */ = {isa = PBXFileReference; lastKnownFileType = sourcecode.swift; path = MainTableView.swift; sourceTree = "<group>"; };
		43EB69F526663E73006E09B2 /* OfflineTaskTableViewCell.swift */ = {isa = PBXFileReference; lastKnownFileType = sourcecode.swift; path = OfflineTaskTableViewCell.swift; sourceTree = "<group>"; };
		43EB69FC266640A2006E09B2 /* UIImage + extension.swift */ = {isa = PBXFileReference; lastKnownFileType = sourcecode.swift; path = "UIImage + extension.swift"; sourceTree = "<group>"; };
		79A3C4BC3B8B7CDE7E930FE1 /* Pods_ToDoIn.framework */ = {isa = PBXFileReference; explicitFileType = wrapper.framework; includeInIndex = 0; path = Pods_ToDoIn.framework; sourceTree = BUILT_PRODUCTS_DIR; };
		F0B3DC4BF660E53D2E6FE999 /* Pods-ToDoIn.debug.xcconfig */ = {isa = PBXFileReference; includeInIndex = 1; lastKnownFileType = text.xcconfig; name = "Pods-ToDoIn.debug.xcconfig"; path = "Target Support Files/Pods-ToDoIn/Pods-ToDoIn.debug.xcconfig"; sourceTree = "<group>"; };
/* End PBXFileReference section */

/* Begin PBXFrameworksBuildPhase section */
		4313B435260BBFA500E6381A /* Frameworks */ = {
			isa = PBXFrameworksBuildPhase;
			buildActionMask = 2147483647;
			files = (
				F325B009327B2D27F66B19E0 /* Pods_ToDoIn.framework in Frameworks */,
			);
			runOnlyForDeploymentPostprocessing = 0;
		};
/* End PBXFrameworksBuildPhase section */

/* Begin PBXGroup section */
		15CF841D264891D300F2B73E /* Recovered References */ = {
			isa = PBXGroup;
			children = (
				154ED85C26153CBB0044531E /* FriendModel.swift */,
				15FCA73C2641688B009F235F /* UINavigationController + extension.swift */,
			);
			name = "Recovered References";
			sourceTree = "<group>";
		};
		15CF8422264891EE00F2B73E /* ToDoIn */ = {
			isa = PBXGroup;
			children = (
				4317445F265011EE00D7CC8E /* Helpers */,
				15CF8464264891EE00F2B73E /* Services */,
				15CF8444264891EE00F2B73E /* Extensions */,
				15CF8423264891EE00F2B73E /* Coordinators */,
				15CF8429264891EE00F2B73E /* Groups */,
				15CF845E264891EE00F2B73E /* Main */,
				15CF844F264891EE00F2B73E /* Account */,
				15CF8460264891EE00F2B73E /* Views */,
				15CF8440264891EE00F2B73E /* LaunchScreen.storyboard */,
				15CF844E264891EE00F2B73E /* AppDelegate.swift */,
				15CF8463264891EE00F2B73E /* Info.plist */,
				4317444726500EAD00D7CC8E /* GoogleService-Info.plist */,
				15CF8428264891EE00F2B73E /* Assets.xcassets */,
			);
			path = ToDoIn;
			sourceTree = "<group>";
		};
		15CF8423264891EE00F2B73E /* Coordinators */ = {
			isa = PBXGroup;
			children = (
				15CF8424264891EE00F2B73E /* AppCoordinator.swift */,
				15CF8425264891EE00F2B73E /* MainFlowCoordinator.swift */,
				15CF8426264891EE00F2B73E /* AccountFlowCoordinator.swift */,
				15CF8427264891EE00F2B73E /* GroupsFlowCoordinator.swift */,
			);
			path = Coordinators;
			sourceTree = "<group>";
		};
		15CF8429264891EE00F2B73E /* Groups */ = {
			isa = PBXGroup;
			children = (
				15CF842A264891EE00F2B73E /* Presenters */,
				15CF8430264891EE00F2B73E /* Model */,
				15CF8433264891EE00F2B73E /* Controllers */,
				15CF8439264891EE00F2B73E /* Views */,
			);
			path = Groups;
			sourceTree = "<group>";
		};
		15CF842A264891EE00F2B73E /* Presenters */ = {
			isa = PBXGroup;
			children = (
				15CF842C264891EE00F2B73E /* GroupsPresenter.swift */,
				15CF842E264891EE00F2B73E /* GroupPresenter.swift */,
				15CF842B264891EE00F2B73E /* TaskPresenter.swift */,
				15CF842D264891EE00F2B73E /* GroupSettingsPresenter.swift */,
				4317446F2650176400D7CC8E /* AddGroupPresenter.swift */,
				431744722650177800D7CC8E /* AddUserToGroupPresenter.swift */,
			);
			path = Presenters;
			sourceTree = "<group>";
		};
		15CF8430264891EE00F2B73E /* Model */ = {
			isa = PBXGroup;
			children = (
				15CF8432264891EE00F2B73E /* GroupsManager.swift */,
			);
			path = Model;
			sourceTree = "<group>";
		};
		15CF8433264891EE00F2B73E /* Controllers */ = {
			isa = PBXGroup;
			children = (
				15CF8436264891EE00F2B73E /* GroupsController.swift */,
				15CF8434264891EE00F2B73E /* GroupController.swift */,
				15CF8438264891EE00F2B73E /* TaskController.swift */,
				15CF8435264891EE00F2B73E /* GroupSettingsController.swift */,
				43174476265017EB00D7CC8E /* AddGroupController.swift */,
				43174479265017FF00D7CC8E /* AddUserToGroupController.swift */,
			);
			path = Controllers;
			sourceTree = "<group>";
		};
		15CF8439264891EE00F2B73E /* Views */ = {
			isa = PBXGroup;
			children = (
				15CF843A264891EE00F2B73E /* SectionHeaderView.swift */,
				15CF843B264891EE00F2B73E /* GroupTableViewCell.swift */,
				15CF843C264891EE00F2B73E /* CustomTextField.swift */,
				15CF843E264891EE00F2B73E /* TaskTableViewCell.swift */,
			);
			path = Views;
			sourceTree = "<group>";
		};
		15CF8444264891EE00F2B73E /* Extensions */ = {
			isa = PBXGroup;
			children = (
				15CF8446264891EE00F2B73E /* UIView + extension.swift */,
				15CF8449264891EE00F2B73E /* UIViewController+extension.swift */,
				15CF844A264891EE00F2B73E /* UINavigationController + extension.swift */,
				15CF844B264891EE00F2B73E /* UIColor + extensions.swift */,
				15CF844D264891EE00F2B73E /* UIStackView + extensions.swift */,
				4317447C2650185A00D7CC8E /* Date + extension.swift */,
				43EB69FC266640A2006E09B2 /* UIImage + extension.swift */,
			);
			path = Extensions;
			sourceTree = "<group>";
		};
		15CF844F264891EE00F2B73E /* Account */ = {
			isa = PBXGroup;
			children = (
				15CF8450264891EE00F2B73E /* Presenter */,
				15CF8453264891EE00F2B73E /* Controller */,
				15CF8456264891EE00F2B73E /* Model */,
				15CF8458264891EE00F2B73E /* View */,
			);
			path = Account;
			sourceTree = "<group>";
		};
		15CF8450264891EE00F2B73E /* Presenter */ = {
			isa = PBXGroup;
			children = (
				15CF8451264891EE00F2B73E /* AccountPresenter.swift */,
				431744562650118D00D7CC8E /* LoginPresenter.swift */,
				43174459265011A100D7CC8E /* AuthPresenter.swift */,
			);
			path = Presenter;
			sourceTree = "<group>";
		};
		15CF8453264891EE00F2B73E /* Controller */ = {
			isa = PBXGroup;
			children = (
				15CF8454264891EE00F2B73E /* AccountViewController.swift */,
				4317444F2650110200D7CC8E /* LoginController.swift */,
				431744522650110D00D7CC8E /* AuthController.swift */,
			);
			path = Controller;
			sourceTree = "<group>";
		};
		15CF8456264891EE00F2B73E /* Model */ = {
			isa = PBXGroup;
			children = (
				4317444B265010C100D7CC8E /* AuthManager.swift */,
			);
			path = Model;
			sourceTree = "<group>";
		};
		15CF8458264891EE00F2B73E /* View */ = {
			isa = PBXGroup;
			children = (
				15CF8459264891EE00F2B73E /* AccountUIComponents.swift */,
				15CF845A264891EE00F2B73E /* FriendTableViewCell.swift */,
				15CF845B264891EE00F2B73E /* SearchTextField.swift */,
				15CF845C264891EE00F2B73E /* AddFriendView.swift */,
				15CF845D264891EE00F2B73E /* FriendsTableView.swift */,
			);
			path = View;
			sourceTree = "<group>";
		};
		15CF845E264891EE00F2B73E /* Main */ = {
			isa = PBXGroup;
			children = (
				43EB69D126663BAA006E09B2 /* Controllers */,
				43EB69D326663BB4006E09B2 /* Presenters */,
				43EB69D426663BC7006E09B2 /* Models */,
				43EB69D526663BD0006E09B2 /* Views */,
			);
			path = Main;
			sourceTree = "<group>";
		};
		15CF8460264891EE00F2B73E /* Views */ = {
			isa = PBXGroup;
			children = (
				15CF8461264891EE00F2B73E /* CustomTabBar.swift */,
				15CF8462264891EE00F2B73E /* CustomTabBarController.swift */,
				43174464265014E600D7CC8E /* CustomButton.swift */,
				43174467265014F600D7CC8E /* CustomImageView.swift */,
			);
			path = Views;
			sourceTree = "<group>";
		};
		15CF8464264891EE00F2B73E /* Services */ = {
			isa = PBXGroup;
			children = (
				15CF8465264891EE00F2B73E /* AlertControllerCreator.swift */,
				4317445C265011D800D7CC8E /* ImagesManager.swift */,
				4317447F2650190300D7CC8E /* ImagePicker.swift */,
				434CF26A2650F5C10095299E /* Converter.swift */,
			);
			path = Services;
			sourceTree = "<group>";
		};
		3F81D43B9AFA4F14842C4978 /* Frameworks */ = {
			isa = PBXGroup;
			children = (
				79A3C4BC3B8B7CDE7E930FE1 /* Pods_ToDoIn.framework */,
			);
			name = Frameworks;
			sourceTree = "<group>";
		};
		4313B42F260BBFA500E6381A = {
			isa = PBXGroup;
			children = (
				15CF8422264891EE00F2B73E /* ToDoIn */,
				4313B439260BBFA500E6381A /* Products */,
				47D7D90511AFDE7F91945ED5 /* Pods */,
				3F81D43B9AFA4F14842C4978 /* Frameworks */,
				15CF841D264891D300F2B73E /* Recovered References */,
			);
			sourceTree = "<group>";
		};
		4313B439260BBFA500E6381A /* Products */ = {
			isa = PBXGroup;
			children = (
				4313B438260BBFA500E6381A /* ToDoIn.app */,
			);
			name = Products;
			sourceTree = "<group>";
		};
		4317445F265011EE00D7CC8E /* Helpers */ = {
			isa = PBXGroup;
			children = (
				15CF8431264891EE00F2B73E /* Group.swift */,
				43174460265011FC00D7CC8E /* CustomError.swift */,
				434CF26D2650F68B0095299E /* FirestoreKeys.swift */,
			);
			path = Helpers;
			sourceTree = "<group>";
		};
		43EB69D126663BAA006E09B2 /* Controllers */ = {
			isa = PBXGroup;
			children = (
				43EB69D626663BF3006E09B2 /* MainViewController.swift */,
				43EB69DA26663C28006E09B2 /* OfflineTaskController.swift */,
			);
			path = Controllers;
			sourceTree = "<group>";
		};
		43EB69D326663BB4006E09B2 /* Presenters */ = {
			isa = PBXGroup;
			children = (
				43EB69E026663D62006E09B2 /* MainPresenter.swift */,
				43EB69E326663D84006E09B2 /* OfflineTaskPresenter.swift */,
			);
			path = Presenters;
			sourceTree = "<group>";
		};
		43EB69D426663BC7006E09B2 /* Models */ = {
			isa = PBXGroup;
			children = (
				43EB69DD26663C7A006E09B2 /* MainFrameRealm.swift */,
			);
			path = Models;
			sourceTree = "<group>";
		};
		43EB69D526663BD0006E09B2 /* Views */ = {
			isa = PBXGroup;
			children = (
				43EB69E926663E04006E09B2 /* GradientProgressView.swift */,
				43EB69EC26663E1D006E09B2 /* MainOfflineHeaderView.swift */,
				43EB69EF26663E3A006E09B2 /* MainProgressTableHeaderView.swift */,
				43EB69F226663E56006E09B2 /* MainTableView.swift */,
				43EB69F526663E73006E09B2 /* OfflineTaskTableViewCell.swift */,
			);
			path = Views;
			sourceTree = "<group>";
		};
		47D7D90511AFDE7F91945ED5 /* Pods */ = {
			isa = PBXGroup;
			children = (
				F0B3DC4BF660E53D2E6FE999 /* Pods-ToDoIn.debug.xcconfig */,
				16553D4685F1BAD0F87C2FF9 /* Pods-ToDoIn.release.xcconfig */,
			);
			path = Pods;
			sourceTree = "<group>";
		};
/* End PBXGroup section */

/* Begin PBXNativeTarget section */
		4313B437260BBFA500E6381A /* ToDoIn */ = {
			isa = PBXNativeTarget;
			buildConfigurationList = 4313B44C260BBFA800E6381A /* Build configuration list for PBXNativeTarget "ToDoIn" */;
			buildPhases = (
				74F69AD3304A7D9A7D39086D /* [CP] Check Pods Manifest.lock */,
				4313B434260BBFA500E6381A /* Sources */,
				4313B435260BBFA500E6381A /* Frameworks */,
				4313B436260BBFA500E6381A /* Resources */,
				12133A41A1CDE7FA8F19F7B9 /* [CP] Embed Pods Frameworks */,
			);
			buildRules = (
			);
			dependencies = (
			);
			name = ToDoIn;
			productName = ToDoIn;
			productReference = 4313B438260BBFA500E6381A /* ToDoIn.app */;
			productType = "com.apple.product-type.application";
		};
/* End PBXNativeTarget section */

/* Begin PBXProject section */
		4313B430260BBFA500E6381A /* Project object */ = {
			isa = PBXProject;
			attributes = {
				LastSwiftUpdateCheck = 1200;
				LastUpgradeCheck = 1200;
				TargetAttributes = {
					4313B437260BBFA500E6381A = {
						CreatedOnToolsVersion = 12.0.1;
					};
				};
			};
			buildConfigurationList = 4313B433260BBFA500E6381A /* Build configuration list for PBXProject "ToDoIn" */;
			compatibilityVersion = "Xcode 9.3";
			developmentRegion = en;
			hasScannedForEncodings = 0;
			knownRegions = (
				en,
				Base,
			);
			mainGroup = 4313B42F260BBFA500E6381A;
			productRefGroup = 4313B439260BBFA500E6381A /* Products */;
			projectDirPath = "";
			projectRoot = "";
			targets = (
				4313B437260BBFA500E6381A /* ToDoIn */,
			);
		};
/* End PBXProject section */

/* Begin PBXResourcesBuildPhase section */
		4313B436260BBFA500E6381A /* Resources */ = {
			isa = PBXResourcesBuildPhase;
			buildActionMask = 2147483647;
			files = (
				15CF846C264891EE00F2B73E /* Assets.xcassets in Resources */,
				15CF847F264891EE00F2B73E /* LaunchScreen.storyboard in Resources */,
				4317444826500EAD00D7CC8E /* GoogleService-Info.plist in Resources */,
			);
			runOnlyForDeploymentPostprocessing = 0;
		};
/* End PBXResourcesBuildPhase section */

/* Begin PBXShellScriptBuildPhase section */
		12133A41A1CDE7FA8F19F7B9 /* [CP] Embed Pods Frameworks */ = {
			isa = PBXShellScriptBuildPhase;
			buildActionMask = 2147483647;
			files = (
			);
			inputFileListPaths = (
				"${PODS_ROOT}/Target Support Files/Pods-ToDoIn/Pods-ToDoIn-frameworks-${CONFIGURATION}-input-files.xcfilelist",
			);
			name = "[CP] Embed Pods Frameworks";
			outputFileListPaths = (
				"${PODS_ROOT}/Target Support Files/Pods-ToDoIn/Pods-ToDoIn-frameworks-${CONFIGURATION}-output-files.xcfilelist",
			);
			runOnlyForDeploymentPostprocessing = 0;
			shellPath = /bin/sh;
			shellScript = "\"${PODS_ROOT}/Target Support Files/Pods-ToDoIn/Pods-ToDoIn-frameworks.sh\"\n";
			showEnvVarsInLog = 0;
		};
		74F69AD3304A7D9A7D39086D /* [CP] Check Pods Manifest.lock */ = {
			isa = PBXShellScriptBuildPhase;
			buildActionMask = 2147483647;
			files = (
			);
			inputFileListPaths = (
			);
			inputPaths = (
				"${PODS_PODFILE_DIR_PATH}/Podfile.lock",
				"${PODS_ROOT}/Manifest.lock",
			);
			name = "[CP] Check Pods Manifest.lock";
			outputFileListPaths = (
			);
			outputPaths = (
				"$(DERIVED_FILE_DIR)/Pods-ToDoIn-checkManifestLockResult.txt",
			);
			runOnlyForDeploymentPostprocessing = 0;
			shellPath = /bin/sh;
			shellScript = "diff \"${PODS_PODFILE_DIR_PATH}/Podfile.lock\" \"${PODS_ROOT}/Manifest.lock\" > /dev/null\nif [ $? != 0 ] ; then\n    # print error to STDERR\n    echo \"error: The sandbox is not in sync with the Podfile.lock. Run 'pod install' or update your CocoaPods installation.\" >&2\n    exit 1\nfi\n# This output is used by Xcode 'outputs' to avoid re-running this script phase.\necho \"SUCCESS\" > \"${SCRIPT_OUTPUT_FILE_0}\"\n";
			showEnvVarsInLog = 0;
		};
/* End PBXShellScriptBuildPhase section */

/* Begin PBXSourcesBuildPhase section */
		4313B434260BBFA500E6381A /* Sources */ = {
			isa = PBXSourcesBuildPhase;
			buildActionMask = 2147483647;
			files = (
				15CF8491264891EE00F2B73E /* FriendTableViewCell.swift in Sources */,
				15CF848D264891EE00F2B73E /* AccountViewController.swift in Sources */,
				434CF26B2650F5C10095299E /* Converter.swift in Sources */,
				4317445D265011D800D7CC8E /* ImagesManager.swift in Sources */,
				15CF8475264891EE00F2B73E /* GroupSettingsController.swift in Sources */,
				43EB69F626663E73006E09B2 /* OfflineTaskTableViewCell.swift in Sources */,
				15CF8499264891EE00F2B73E /* AlertControllerCreator.swift in Sources */,
				15CF8494264891EE00F2B73E /* FriendsTableView.swift in Sources */,
				15CF8470264891EE00F2B73E /* GroupPresenter.swift in Sources */,
				15CF846E264891EE00F2B73E /* GroupsPresenter.swift in Sources */,
				15CF846A264891EE00F2B73E /* AccountFlowCoordinator.swift in Sources */,
				15CF8478264891EE00F2B73E /* TaskController.swift in Sources */,
				15CF8486264891EE00F2B73E /* UINavigationController + extension.swift in Sources */,
				431744732650177800D7CC8E /* AddUserToGroupPresenter.swift in Sources */,
				43EB69F026663E3B006E09B2 /* MainProgressTableHeaderView.swift in Sources */,
				431744802650190300D7CC8E /* ImagePicker.swift in Sources */,
				15CF8492264891EE00F2B73E /* SearchTextField.swift in Sources */,
				15CF8497264891EE00F2B73E /* CustomTabBarController.swift in Sources */,
				43EB69DB26663C28006E09B2 /* OfflineTaskController.swift in Sources */,
				4317445A265011A100D7CC8E /* AuthPresenter.swift in Sources */,
				15CF8472264891EE00F2B73E /* Group.swift in Sources */,
				43EB69E126663D62006E09B2 /* MainPresenter.swift in Sources */,
				431744702650176400D7CC8E /* AddGroupPresenter.swift in Sources */,
				43174461265011FC00D7CC8E /* CustomError.swift in Sources */,
				15CF8476264891EE00F2B73E /* GroupsController.swift in Sources */,
				43EB69DE26663C7A006E09B2 /* MainFrameRealm.swift in Sources */,
				4317447D2650185A00D7CC8E /* Date + extension.swift in Sources */,
				15CF8468264891EE00F2B73E /* AppCoordinator.swift in Sources */,
				15CF8479264891EE00F2B73E /* SectionHeaderView.swift in Sources */,
				15CF8469264891EE00F2B73E /* MainFlowCoordinator.swift in Sources */,
				15CF8482264891EE00F2B73E /* UIView + extension.swift in Sources */,
				431744532650110D00D7CC8E /* AuthController.swift in Sources */,
				15CF847D264891EE00F2B73E /* TaskTableViewCell.swift in Sources */,
				15CF8490264891EE00F2B73E /* AccountUIComponents.swift in Sources */,
				15CF846F264891EE00F2B73E /* GroupSettingsPresenter.swift in Sources */,
				15CF8496264891EE00F2B73E /* CustomTabBar.swift in Sources */,
				15CF848B264891EE00F2B73E /* AccountPresenter.swift in Sources */,
				15CF8489264891EE00F2B73E /* UIStackView + extensions.swift in Sources */,
				15CF8474264891EE00F2B73E /* GroupController.swift in Sources */,
				15CF847B264891EE00F2B73E /* CustomTextField.swift in Sources */,
				15CF8485264891EE00F2B73E /* UIViewController+extension.swift in Sources */,
				15CF846B264891EE00F2B73E /* GroupsFlowCoordinator.swift in Sources */,
				431744502650110200D7CC8E /* LoginController.swift in Sources */,
				15CF8487264891EE00F2B73E /* UIColor + extensions.swift in Sources */,
				434CF26E2650F68B0095299E /* FirestoreKeys.swift in Sources */,
				15CF8493264891EE00F2B73E /* AddFriendView.swift in Sources */,
				43EB69F326663E56006E09B2 /* MainTableView.swift in Sources */,
				43EB69E426663D84006E09B2 /* OfflineTaskPresenter.swift in Sources */,
				43174477265017EB00D7CC8E /* AddGroupController.swift in Sources */,
				43174465265014E600D7CC8E /* CustomButton.swift in Sources */,
				4317447A265017FF00D7CC8E /* AddUserToGroupController.swift in Sources */,
				15CF8473264891EE00F2B73E /* GroupsManager.swift in Sources */,
				43EB69D726663BF3006E09B2 /* MainViewController.swift in Sources */,
				431744572650118D00D7CC8E /* LoginPresenter.swift in Sources */,
				15CF846D264891EE00F2B73E /* TaskPresenter.swift in Sources */,
				43EB69ED26663E1D006E09B2 /* MainOfflineHeaderView.swift in Sources */,
				43EB69EA26663E04006E09B2 /* GradientProgressView.swift in Sources */,
				4317444C265010C100D7CC8E /* AuthManager.swift in Sources */,
				15CF848A264891EE00F2B73E /* AppDelegate.swift in Sources */,
				43EB69FD266640A2006E09B2 /* UIImage + extension.swift in Sources */,
				15CF847A264891EE00F2B73E /* GroupTableViewCell.swift in Sources */,
				43174468265014F600D7CC8E /* CustomImageView.swift in Sources */,
			);
			runOnlyForDeploymentPostprocessing = 0;
		};
/* End PBXSourcesBuildPhase section */

/* Begin PBXVariantGroup section */
		15CF8440264891EE00F2B73E /* LaunchScreen.storyboard */ = {
			isa = PBXVariantGroup;
			children = (
				15CF8441264891EE00F2B73E /* Base */,
			);
			name = LaunchScreen.storyboard;
			sourceTree = "<group>";
		};
/* End PBXVariantGroup section */

/* Begin XCBuildConfiguration section */
		4313B44A260BBFA800E6381A /* Debug */ = {
			isa = XCBuildConfiguration;
			buildSettings = {
				ALWAYS_SEARCH_USER_PATHS = NO;
				CLANG_ANALYZER_NONNULL = YES;
				CLANG_ANALYZER_NUMBER_OBJECT_CONVERSION = YES_AGGRESSIVE;
				CLANG_CXX_LANGUAGE_STANDARD = "gnu++14";
				CLANG_CXX_LIBRARY = "libc++";
				CLANG_ENABLE_MODULES = YES;
				CLANG_ENABLE_OBJC_ARC = YES;
				CLANG_ENABLE_OBJC_WEAK = YES;
				CLANG_WARN_BLOCK_CAPTURE_AUTORELEASING = YES;
				CLANG_WARN_BOOL_CONVERSION = YES;
				CLANG_WARN_COMMA = YES;
				CLANG_WARN_CONSTANT_CONVERSION = YES;
				CLANG_WARN_DEPRECATED_OBJC_IMPLEMENTATIONS = YES;
				CLANG_WARN_DIRECT_OBJC_ISA_USAGE = YES_ERROR;
				CLANG_WARN_DOCUMENTATION_COMMENTS = YES;
				CLANG_WARN_EMPTY_BODY = YES;
				CLANG_WARN_ENUM_CONVERSION = YES;
				CLANG_WARN_INFINITE_RECURSION = YES;
				CLANG_WARN_INT_CONVERSION = YES;
				CLANG_WARN_NON_LITERAL_NULL_CONVERSION = YES;
				CLANG_WARN_OBJC_IMPLICIT_RETAIN_SELF = YES;
				CLANG_WARN_OBJC_LITERAL_CONVERSION = YES;
				CLANG_WARN_OBJC_ROOT_CLASS = YES_ERROR;
				CLANG_WARN_QUOTED_INCLUDE_IN_FRAMEWORK_HEADER = YES;
				CLANG_WARN_RANGE_LOOP_ANALYSIS = YES;
				CLANG_WARN_STRICT_PROTOTYPES = YES;
				CLANG_WARN_SUSPICIOUS_MOVE = YES;
				CLANG_WARN_UNGUARDED_AVAILABILITY = YES_AGGRESSIVE;
				CLANG_WARN_UNREACHABLE_CODE = YES;
				CLANG_WARN__DUPLICATE_METHOD_MATCH = YES;
				COPY_PHASE_STRIP = NO;
				DEBUG_INFORMATION_FORMAT = dwarf;
				ENABLE_STRICT_OBJC_MSGSEND = YES;
				ENABLE_TESTABILITY = YES;
				GCC_C_LANGUAGE_STANDARD = gnu11;
				GCC_DYNAMIC_NO_PIC = NO;
				GCC_NO_COMMON_BLOCKS = YES;
				GCC_OPTIMIZATION_LEVEL = 0;
				GCC_PREPROCESSOR_DEFINITIONS = (
					"DEBUG=1",
					"$(inherited)",
				);
				GCC_WARN_64_TO_32_BIT_CONVERSION = YES;
				GCC_WARN_ABOUT_RETURN_TYPE = YES_ERROR;
				GCC_WARN_UNDECLARED_SELECTOR = YES;
				GCC_WARN_UNINITIALIZED_AUTOS = YES_AGGRESSIVE;
				GCC_WARN_UNUSED_FUNCTION = YES;
				GCC_WARN_UNUSED_VARIABLE = YES;
				IPHONEOS_DEPLOYMENT_TARGET = 13.1;
				MTL_ENABLE_DEBUG_INFO = INCLUDE_SOURCE;
				MTL_FAST_MATH = YES;
				ONLY_ACTIVE_ARCH = YES;
				SDKROOT = iphoneos;
				SWIFT_ACTIVE_COMPILATION_CONDITIONS = DEBUG;
				SWIFT_OPTIMIZATION_LEVEL = "-Onone";
			};
			name = Debug;
		};
		4313B44B260BBFA800E6381A /* Release */ = {
			isa = XCBuildConfiguration;
			buildSettings = {
				ALWAYS_SEARCH_USER_PATHS = NO;
				CLANG_ANALYZER_NONNULL = YES;
				CLANG_ANALYZER_NUMBER_OBJECT_CONVERSION = YES_AGGRESSIVE;
				CLANG_CXX_LANGUAGE_STANDARD = "gnu++14";
				CLANG_CXX_LIBRARY = "libc++";
				CLANG_ENABLE_MODULES = YES;
				CLANG_ENABLE_OBJC_ARC = YES;
				CLANG_ENABLE_OBJC_WEAK = YES;
				CLANG_WARN_BLOCK_CAPTURE_AUTORELEASING = YES;
				CLANG_WARN_BOOL_CONVERSION = YES;
				CLANG_WARN_COMMA = YES;
				CLANG_WARN_CONSTANT_CONVERSION = YES;
				CLANG_WARN_DEPRECATED_OBJC_IMPLEMENTATIONS = YES;
				CLANG_WARN_DIRECT_OBJC_ISA_USAGE = YES_ERROR;
				CLANG_WARN_DOCUMENTATION_COMMENTS = YES;
				CLANG_WARN_EMPTY_BODY = YES;
				CLANG_WARN_ENUM_CONVERSION = YES;
				CLANG_WARN_INFINITE_RECURSION = YES;
				CLANG_WARN_INT_CONVERSION = YES;
				CLANG_WARN_NON_LITERAL_NULL_CONVERSION = YES;
				CLANG_WARN_OBJC_IMPLICIT_RETAIN_SELF = YES;
				CLANG_WARN_OBJC_LITERAL_CONVERSION = YES;
				CLANG_WARN_OBJC_ROOT_CLASS = YES_ERROR;
				CLANG_WARN_QUOTED_INCLUDE_IN_FRAMEWORK_HEADER = YES;
				CLANG_WARN_RANGE_LOOP_ANALYSIS = YES;
				CLANG_WARN_STRICT_PROTOTYPES = YES;
				CLANG_WARN_SUSPICIOUS_MOVE = YES;
				CLANG_WARN_UNGUARDED_AVAILABILITY = YES_AGGRESSIVE;
				CLANG_WARN_UNREACHABLE_CODE = YES;
				CLANG_WARN__DUPLICATE_METHOD_MATCH = YES;
				COPY_PHASE_STRIP = NO;
				DEBUG_INFORMATION_FORMAT = "dwarf-with-dsym";
				ENABLE_NS_ASSERTIONS = NO;
				ENABLE_STRICT_OBJC_MSGSEND = YES;
				GCC_C_LANGUAGE_STANDARD = gnu11;
				GCC_NO_COMMON_BLOCKS = YES;
				GCC_WARN_64_TO_32_BIT_CONVERSION = YES;
				GCC_WARN_ABOUT_RETURN_TYPE = YES_ERROR;
				GCC_WARN_UNDECLARED_SELECTOR = YES;
				GCC_WARN_UNINITIALIZED_AUTOS = YES_AGGRESSIVE;
				GCC_WARN_UNUSED_FUNCTION = YES;
				GCC_WARN_UNUSED_VARIABLE = YES;
				IPHONEOS_DEPLOYMENT_TARGET = 13.1;
				MTL_ENABLE_DEBUG_INFO = NO;
				MTL_FAST_MATH = YES;
				SDKROOT = iphoneos;
				SWIFT_COMPILATION_MODE = wholemodule;
				SWIFT_OPTIMIZATION_LEVEL = "-O";
				VALIDATE_PRODUCT = YES;
			};
			name = Release;
		};
		4313B44D260BBFA800E6381A /* Debug */ = {
			isa = XCBuildConfiguration;
			baseConfigurationReference = F0B3DC4BF660E53D2E6FE999 /* Pods-ToDoIn.debug.xcconfig */;
			buildSettings = {
				ASSETCATALOG_COMPILER_APPICON_NAME = AppIcon;
				ASSETCATALOG_COMPILER_GLOBAL_ACCENT_COLOR_NAME = AccentColor;
				CODE_SIGN_STYLE = Automatic;
				DEVELOPMENT_TEAM = H8F967A553;
				INFOPLIST_FILE = ToDoIn/Info.plist;
				IPHONEOS_DEPLOYMENT_TARGET = 13.1;
				LD_RUNPATH_SEARCH_PATHS = (
					"$(inherited)",
					"@executable_path/Frameworks",
				);
				PRODUCT_BUNDLE_IDENTIFIER = com.technopark.todoin.ToDoIn;
				PRODUCT_NAME = "$(TARGET_NAME)";
				SWIFT_VERSION = 5.0;
				TARGETED_DEVICE_FAMILY = "1,2";
			};
			name = Debug;
		};
		4313B44E260BBFA800E6381A /* Release */ = {
			isa = XCBuildConfiguration;
			baseConfigurationReference = 16553D4685F1BAD0F87C2FF9 /* Pods-ToDoIn.release.xcconfig */;
			buildSettings = {
				ASSETCATALOG_COMPILER_APPICON_NAME = AppIcon;
				ASSETCATALOG_COMPILER_GLOBAL_ACCENT_COLOR_NAME = AccentColor;
				CODE_SIGN_STYLE = Automatic;
				DEVELOPMENT_TEAM = H8F967A553;
				INFOPLIST_FILE = ToDoIn/Info.plist;
				IPHONEOS_DEPLOYMENT_TARGET = 13.1;
				LD_RUNPATH_SEARCH_PATHS = (
					"$(inherited)",
					"@executable_path/Frameworks",
				);
				PRODUCT_BUNDLE_IDENTIFIER = com.technopark.todoin.ToDoIn;
				PRODUCT_NAME = "$(TARGET_NAME)";
				SWIFT_VERSION = 5.0;
				TARGETED_DEVICE_FAMILY = "1,2";
			};
			name = Release;
		};
/* End XCBuildConfiguration section */

/* Begin XCConfigurationList section */
		4313B433260BBFA500E6381A /* Build configuration list for PBXProject "ToDoIn" */ = {
			isa = XCConfigurationList;
			buildConfigurations = (
				4313B44A260BBFA800E6381A /* Debug */,
				4313B44B260BBFA800E6381A /* Release */,
			);
			defaultConfigurationIsVisible = 0;
			defaultConfigurationName = Release;
		};
		4313B44C260BBFA800E6381A /* Build configuration list for PBXNativeTarget "ToDoIn" */ = {
			isa = XCConfigurationList;
			buildConfigurations = (
				4313B44D260BBFA800E6381A /* Debug */,
				4313B44E260BBFA800E6381A /* Release */,
			);
			defaultConfigurationIsVisible = 0;
			defaultConfigurationName = Release;
		};
/* End XCConfigurationList section */
	};
	rootObject = 4313B430260BBFA500E6381A /* Project object */;
}
